{
  "name": "ylcn",
  "version": "1.0.0",
  "lockfileVersion": 2,
  "requires": true,
  "packages": {
    "": {
      "name": "ylcn",
      "version": "1.0.0",
      "license": "ISC",
      "dependencies": {
        "@gltf-transform/core": "^2.1.7",
        "@gltf-transform/extensions": "^2.1.7",
        "draco3dgltf": "^1.5.2"
      }
    },
    "node_modules/@gltf-transform/core": {
      "version": "2.1.7",
      "resolved": "https://registry.npmjs.org/@gltf-transform/core/-/core-2.1.7.tgz",
      "integrity": "sha512-mRnNb5YiMBwSyyVKWU6EPepTleWV7oy+42KT+TfDhdb2YfvOSZcTLwE1NPVBnX0OgzkWOokRNnlvhnA191k7kQ==",
      "dependencies": {
        "gl-matrix": "~3.4.3",
        "property-graph": "^0.2.6"
      }
    },
    "node_modules/@gltf-transform/extensions": {
      "version": "2.1.7",
      "resolved": "https://registry.npmjs.org/@gltf-transform/extensions/-/extensions-2.1.7.tgz",
      "integrity": "sha512-IeG9voJioB131rVRhsbVtRu1kx9SsOvDgp+GTIQppi7XlpQ071tZPMSREuVWWnYFg+mshlJDxOnJPlfSNPBYnw==",
      "dependencies": {
        "@gltf-transform/core": "^2.1.7",
        "ktx-parse": "^0.3.3"
      }
    },
    "node_modules/draco3dgltf": {
      "version": "1.5.2",
      "resolved": "https://registry.npmjs.org/draco3dgltf/-/draco3dgltf-1.5.2.tgz",
      "integrity": "sha512-lw3oa87pN6iBqwibLvtXp4uHczK/mXqacjVaORJhAze7mgd0lgw1XXf4I1KtaU/W/O+6zdDrPLx8VZz86aXbqA=="
    },
    "node_modules/gl-matrix": {
      "version": "3.4.3",
      "resolved": "https://registry.npmjs.org/gl-matrix/-/gl-matrix-3.4.3.tgz",
      "integrity": "sha512-wcCp8vu8FT22BnvKVPjXa/ICBWRq/zjFfdofZy1WSpQZpphblv12/bOQLBC1rMM7SGOFS9ltVmKOHil5+Ml7gA=="
    },
    "node_modules/ktx-parse": {
      "version": "0.3.3",
      "resolved": "https://registry.npmjs.org/ktx-parse/-/ktx-parse-0.3.3.tgz",
      "integrity": "sha512-zCRp7rj20Szrqm69O5gTYlNRNjcGoxekTWW3rX90nxeN8/ps2XR2aPpYCF/dd68hso3VBoMxyDS2R0UMnAU5xw=="
    },
    "node_modules/property-graph": {
      "version": "0.2.6",
      "resolved": "https://registry.npmjs.org/property-graph/-/property-graph-0.2.6.tgz",
      "integrity": "sha512-QiBHxNZlwIarbkxsqCY688aP1ANbwtoQFBYgTZopQ0Bvku6/EYp3H4KH0ygxkhWQbJv5DEONspLy1rHi5xIycg=="
    }
  },
  "dependencies": {
    "@gltf-transform/core": {
      "version": "2.1.7",
      "resolved": "https://registry.npmjs.org/@gltf-transform/core/-/core-2.1.7.tgz",
      "integrity": "sha512-mRnNb5YiMBwSyyVKWU6EPepTleWV7oy+42KT+TfDhdb2YfvOSZcTLwE1NPVBnX0OgzkWOokRNnlvhnA191k7kQ==",
      "requires": {
        "gl-matrix": "~3.4.3",
        "property-graph": "^0.2.6"
      }
    },
    "@gltf-transform/extensions": {
      "version": "2.1.7",
      "resolved": "https://registry.npmjs.org/@gltf-transform/extensions/-/extensions-2.1.7.tgz",
      "integrity": "sha512-IeG9voJioB131rVRhsbVtRu1kx9SsOvDgp+GTIQppi7XlpQ071tZPMSREuVWWnYFg+mshlJDxOnJPlfSNPBYnw==",
      "requires": {
        "@gltf-transform/core": "^2.1.7",
        "ktx-parse": "^0.3.3"
      }
    },
    "draco3dgltf": {
      "version": "1.5.2",
      "resolved": "https://registry.npmjs.org/draco3dgltf/-/draco3dgltf-1.5.2.tgz",
      "integrity": "sha512-lw3oa87pN6iBqwibLvtXp4uHczK/mXqacjVaORJhAze7mgd0lgw1XXf4I1KtaU/W/O+6zdDrPLx8VZz86aXbqA=="
    },
    "gl-matrix": {
      "version": "3.4.3",
      "resolved": "https://registry.npmjs.org/gl-matrix/-/gl-matrix-3.4.3.tgz",
      "integrity": "sha512-wcCp8vu8FT22BnvKVPjXa/ICBWRq/zjFfdofZy1WSpQZpphblv12/bOQLBC1rMM7SGOFS9ltVmKOHil5+Ml7gA=="
    },
    "ktx-parse": {
      "version": "0.3.3",
      "resolved": "https://registry.npmjs.org/ktx-parse/-/ktx-parse-0.3.3.tgz",
      "integrity": "sha512-zCRp7rj20Szrqm69O5gTYlNRNjcGoxekTWW3rX90nxeN8/ps2XR2aPpYCF/dd68hso3VBoMxyDS2R0UMnAU5xw=="
    },
    "property-graph": {
      "version": "0.2.6",
      "resolved": "https://registry.npmjs.org/property-graph/-/property-graph-0.2.6.tgz",
      "integrity": "sha512-QiBHxNZlwIarbkxsqCY688aP1ANbwtoQFBYgTZopQ0Bvku6/EYp3H4KH0ygxkhWQbJv5DEONspLy1rHi5xIycg=="
    }
  }
}
